{
  "requires": true,
  "lockfileVersion": 1,
  "dependencies": {
    "slot-machine-gen": {
      "version": "1.0.0",
      "resolved": "https://registry.npmjs.org/slot-machine-gen/-/slot-machine-gen-1.0.0.tgz",
      "integrity": "sha512-KTyyMncJ0FthKlXP9gKX4IvSRJKpDpUN8AgdLBw5g69TVt9VoOs6MUiR679O7LGg3zUqelceMBHMr5pYWqulvg=="
    }
  }
}
